
Microsoft Visual Studio Solution File, Format Version 12.00
# Visual Studio Version 17
VisualStudioVersion = 17.13.35731.43 d17.13
MinimumVisualStudioVersion = 10.0.40219.1
Project("{FAE04EC0-301F-11D3-BF4B-00C04F79EFBC}") = "webapi", "webapi\webapi.csproj", "{2FBD8A55-0EA7-401F-9771-9C029097BDEB}"
EndProject
Global
	GlobalSection(SolutionConfigurationPlatforms) = preSolution
		Debug|Any CPU = Debug|Any CPU
		Release|Any CPU = Release|Any CPU
	EndGlobalSection
	GlobalSection(ProjectConfigurationPlatforms) = postSolution
		{2FBD8A55-0EA7-401F-9771-9C029097BDEB}.Debug|Any CPU.ActiveCfg = Debug|Any CPU
		{2FBD8A55-0EA7-401F-9771-9C029097BDEB}.Debug|Any CPU.Build.0 = Debug|Any CPU
		{2FBD8A55-0EA7-401F-9771-9C029097BDEB}.Release|Any CPU.ActiveCfg = Release|Any CPU
		{2FBD8A55-0EA7-401F-9771-9C029097BDEB}.Release|Any CPU.Build.0 = Release|Any CPU
	EndGlobalSection
	GlobalSection(SolutionProperties) = preSolution
		HideSolutionNode = FALSE
	EndGlobalSection
	GlobalSection(ExtensibilityGlobals) = postSolution
		SolutionGuid = {704D7203-80AB-4BD9-A1FF-42F5E0A88151}
	EndGlobalSection
EndGlobal
